# This file was autogenerated by Stack.
# You should not edit this file by hand.
# For more information, please see the documentation at:
#   https://docs.haskellstack.org/en/stable/lock_files

packages:
- completed:
    hackage: hakyll-4.16.1.0@sha256:2f5984ec2f0bfc066279f61747839c149f90fbc0d4655c3cf51acda2cf7111b6,9845
    pantry-tree:
      sha256: 8bcd5b6e99b7e461508c39e7c71dfe7e90d0dae2620b98464d697df5ed2fda23
      size: 9185
  original:
    hackage: hakyll-4.16.1.0
- completed:
    hackage: hakyll-sass-0.2.4@sha256:4d2fbd8b63f5ef15483fc6dda09e10eefd63b4f873ad38dec2a3607eb504a8ba,939
    pantry-tree:
      sha256: c03e74e71d010f009b8d972efc31fbd6dd25183e6d9afbec55f4b7f0d4a74b47
      size: 217
  original:
    hackage: hakyll-sass-0.2.4
snapshots:
- completed:
    sha256: 5a59b2a405b3aba3c00188453be172b85893cab8ebc352b1ef58b0eae5d248a2
    size: 650475
    url: https://raw.githubusercontent.com/commercialhaskell/stackage-snapshots/master/lts/20/26.yaml
  original: lts-20.26
